
Microsoft Visual Studio Solution File, Format Version 12.00
# Visual Studio Version 17
VisualStudioVersion = 17.12.35527.113 d17.12
MinimumVisualStudioVersion = 10.0.40219.1
Project("{FAE04EC0-301F-11D3-BF4B-00C04F79EFBC}") = "MusicTheoryAPI", "MusicTheoryAPI\MusicTheoryAPI.csproj", "{B02EC5A0-95EF-436A-89BD-D2A3BA4B80AE}"
EndProject
Project("{FAE04EC0-301F-11D3-BF4B-00C04F79EFBC}") = "MusicTheoryAPI.Tests", "MusicTheoryAPI.Tests\MusicTheoryAPI.Tests.csproj", "{B8563872-F6CB-4384-A0CC-00BFB72BA7F3}"
EndProject
Global
	GlobalSection(SolutionConfigurationPlatforms) = preSolution
		Debug|Any CPU = Debug|Any CPU
		Release|Any CPU = Release|Any CPU
	EndGlobalSection
	GlobalSection(ProjectConfigurationPlatforms) = postSolution
		{B02EC5A0-95EF-436A-89BD-D2A3BA4B80AE}.Debug|Any CPU.ActiveCfg = Debug|Any CPU
		{B02EC5A0-95EF-436A-89BD-D2A3BA4B80AE}.Debug|Any CPU.Build.0 = Debug|Any CPU
		{B02EC5A0-95EF-436A-89BD-D2A3BA4B80AE}.Release|Any CPU.ActiveCfg = Release|Any CPU
		{B02EC5A0-95EF-436A-89BD-D2A3BA4B80AE}.Release|Any CPU.Build.0 = Release|Any CPU
		{B8563872-F6CB-4384-A0CC-00BFB72BA7F3}.Debug|Any CPU.ActiveCfg = Debug|Any CPU
		{B8563872-F6CB-4384-A0CC-00BFB72BA7F3}.Debug|Any CPU.Build.0 = Debug|Any CPU
		{B8563872-F6CB-4384-A0CC-00BFB72BA7F3}.Release|Any CPU.ActiveCfg = Release|Any CPU
		{B8563872-F6CB-4384-A0CC-00BFB72BA7F3}.Release|Any CPU.Build.0 = Release|Any CPU
	EndGlobalSection
	GlobalSection(SolutionProperties) = preSolution
		HideSolutionNode = FALSE
	EndGlobalSection
EndGlobal
